{
  "name": "api",
  "version": "1.0.0",
  "lockfileVersion": 1,
  "requires": true,
  "dependencies": {
    "lodash": {
      "version": "4.17.19",
      "resolved": "https://registry.npmjs.org/lodash/-/lodash-4.17.19.tgz",
      "integrity": "sha512-JNvd8XER9GQX0v2qJgsaN/mzFCNA5BRe/j8JN9d+tWyGLSodKQHKFicdwNYzWwI3wjRnaKPsGj1XkBjx/F96DQ=="
    },
    "serverless-iam-roles-per-function": {
      "version": "2.0.2",
      "resolved": "https://registry.npmjs.org/serverless-iam-roles-per-function/-/serverless-iam-roles-per-function-2.0.2.tgz",
      "integrity": "sha512-3zv4Af3x7KJHC4fuJMHniEEstCljMghReaYIg94Spdsqkhiy8GJ3yfJ5Jy+wiG/DvyObK91JJNMjLhDnDc+vCQ==",
      "requires": {
        "lodash": "^4.17.15"
      }
    }
  }
}
